
Microsoft Visual Studio Solution File, Format Version 12.00
# Visual Studio Version 17
VisualStudioVersion = 17.8.34330.188
MinimumVisualStudioVersion = 10.0.40219.1
Project("{FAE04EC0-301F-11D3-BF4B-00C04F79EFBC}") = "NumberGuessingGame", "NumberGuessingGame\NumberGuessingGame.csproj", "{28295A4C-CB44-4665-8A46-F5D69E433475}"
EndProject
Global
	GlobalSection(SolutionConfigurationPlatforms) = preSolution
		Debug|Any CPU = Debug|Any CPU
		Release|Any CPU = Release|Any CPU
	EndGlobalSection
	GlobalSection(ProjectConfigurationPlatforms) = postSolution
		{28295A4C-CB44-4665-8A46-F5D69E433475}.Debug|Any CPU.ActiveCfg = Debug|Any CPU
		{28295A4C-CB44-4665-8A46-F5D69E433475}.Debug|Any CPU.Build.0 = Debug|Any CPU
		{28295A4C-CB44-4665-8A46-F5D69E433475}.Release|Any CPU.ActiveCfg = Release|Any CPU
		{28295A4C-CB44-4665-8A46-F5D69E433475}.Release|Any CPU.Build.0 = Release|Any CPU
	EndGlobalSection
	GlobalSection(SolutionProperties) = preSolution
		HideSolutionNode = FALSE
	EndGlobalSection
	GlobalSection(ExtensibilityGlobals) = postSolution
		SolutionGuid = {63EAC2C5-721B-4CDD-8266-26F4723FEA7D}
	EndGlobalSection
EndGlobal
