
Microsoft Visual Studio Solution File, Format Version 12.00
# Visual Studio Version 17
VisualStudioVersion = 17.8.34330.188
MinimumVisualStudioVersion = 10.0.40219.1
Project("{FAE04EC0-301F-11D3-BF4B-00C04F79EFBC}") = "HelloWorld_VS", "HelloWorld_VS\HelloWorld_VS.csproj", "{6D7F00A3-B787-4588-A209-5E39702197EE}"
EndProject
Global
	GlobalSection(SolutionConfigurationPlatforms) = preSolution
		Debug|Any CPU = Debug|Any CPU
		Release|Any CPU = Release|Any CPU
	EndGlobalSection
	GlobalSection(ProjectConfigurationPlatforms) = postSolution
		{6D7F00A3-B787-4588-A209-5E39702197EE}.Debug|Any CPU.ActiveCfg = Debug|Any CPU
		{6D7F00A3-B787-4588-A209-5E39702197EE}.Debug|Any CPU.Build.0 = Debug|Any CPU
		{6D7F00A3-B787-4588-A209-5E39702197EE}.Release|Any CPU.ActiveCfg = Release|Any CPU
		{6D7F00A3-B787-4588-A209-5E39702197EE}.Release|Any CPU.Build.0 = Release|Any CPU
	EndGlobalSection
	GlobalSection(SolutionProperties) = preSolution
		HideSolutionNode = FALSE
	EndGlobalSection
	GlobalSection(ExtensibilityGlobals) = postSolution
		SolutionGuid = {89B33E6A-C4C0-474A-849E-8CD8DA9774A6}
	EndGlobalSection
EndGlobal
