
Microsoft Visual Studio Solution File, Format Version 12.00
# Visual Studio Version 17
VisualStudioVersion = 17.8.34330.188
MinimumVisualStudioVersion = 10.0.40219.1
Project("{FAE04EC0-301F-11D3-BF4B-00C04F79EFBC}") = "eTJSEstateAgents", "eTJSEstateAgents\eTJSEstateAgents.csproj", "{32DDC9D7-B1CA-42DC-B08C-E8BDC0F8C4EC}"
EndProject
Global
	GlobalSection(SolutionConfigurationPlatforms) = preSolution
		Debug|Any CPU = Debug|Any CPU
		Release|Any CPU = Release|Any CPU
	EndGlobalSection
	GlobalSection(ProjectConfigurationPlatforms) = postSolution
		{32DDC9D7-B1CA-42DC-B08C-E8BDC0F8C4EC}.Debug|Any CPU.ActiveCfg = Debug|Any CPU
		{32DDC9D7-B1CA-42DC-B08C-E8BDC0F8C4EC}.Debug|Any CPU.Build.0 = Debug|Any CPU
		{32DDC9D7-B1CA-42DC-B08C-E8BDC0F8C4EC}.Release|Any CPU.ActiveCfg = Release|Any CPU
		{32DDC9D7-B1CA-42DC-B08C-E8BDC0F8C4EC}.Release|Any CPU.Build.0 = Release|Any CPU
	EndGlobalSection
	GlobalSection(SolutionProperties) = preSolution
		HideSolutionNode = FALSE
	EndGlobalSection
	GlobalSection(ExtensibilityGlobals) = postSolution
		SolutionGuid = {898C7FA3-FA7B-4AC7-972E-8F5A515448FE}
	EndGlobalSection
EndGlobal
